
Microsoft Visual Studio Solution File, Format Version 12.00
# Visual Studio 15
Project("{FAE04EC0-301F-11D3-BF4B-00C04F79EFBC}") = "Assembly-CSharp-Editor", "Assembly-CSharp-Editor.csproj", "{AC57734C-A1F1-35A3-74DC-FB588C20271F}"
EndProject
Project("{FAE04EC0-301F-11D3-BF4B-00C04F79EFBC}") = "Assembly-CSharp", "Assembly-CSharp.csproj", "{0208A7EB-08E7-572C-5B50-D15FF49D43BC}"
EndProject
Global
	GlobalSection(SolutionConfigurationPlatforms) = preSolution
		Debug|Any CPU = Debug|Any CPU
		Release|Any CPU = Release|Any CPU
	EndGlobalSection
	GlobalSection(ProjectConfigurationPlatforms) = postSolution
		{AC57734C-A1F1-35A3-74DC-FB588C20271F}.Debug|Any CPU.ActiveCfg = Debug|Any CPU
		{AC57734C-A1F1-35A3-74DC-FB588C20271F}.Debug|Any CPU.Build.0 = Debug|Any CPU
		{AC57734C-A1F1-35A3-74DC-FB588C20271F}.Release|Any CPU.ActiveCfg = Release|Any CPU
		{AC57734C-A1F1-35A3-74DC-FB588C20271F}.Release|Any CPU.Build.0 = Release|Any CPU
		{0208A7EB-08E7-572C-5B50-D15FF49D43BC}.Debug|Any CPU.ActiveCfg = Debug|Any CPU
		{0208A7EB-08E7-572C-5B50-D15FF49D43BC}.Debug|Any CPU.Build.0 = Debug|Any CPU
		{0208A7EB-08E7-572C-5B50-D15FF49D43BC}.Release|Any CPU.ActiveCfg = Release|Any CPU
		{0208A7EB-08E7-572C-5B50-D15FF49D43BC}.Release|Any CPU.Build.0 = Release|Any CPU
	EndGlobalSection
	GlobalSection(SolutionProperties) = preSolution
		HideSolutionNode = FALSE
	EndGlobalSection
EndGlobal
